
Microsoft Visual Studio Solution File, Format Version 12.00
# Visual Studio Version 17
VisualStudioVersion = 17.1.32328.378
MinimumVisualStudioVersion = 10.0.40219.1
Project("{FAE04EC0-301F-11D3-BF4B-00C04F79EFBC}") = "CSAsync.ImplementandoMultitareas", "CSAsync.ImplementandoMultitareas\CSAsync.ImplementandoMultitareas.csproj", "{832C3277-1BDA-4609-8200-2D209D2EF6E4}"
EndProject
Global
	GlobalSection(SolutionConfigurationPlatforms) = preSolution
		Debug|Any CPU = Debug|Any CPU
		Release|Any CPU = Release|Any CPU
	EndGlobalSection
	GlobalSection(ProjectConfigurationPlatforms) = postSolution
		{832C3277-1BDA-4609-8200-2D209D2EF6E4}.Debug|Any CPU.ActiveCfg = Debug|Any CPU
		{832C3277-1BDA-4609-8200-2D209D2EF6E4}.Debug|Any CPU.Build.0 = Debug|Any CPU
		{832C3277-1BDA-4609-8200-2D209D2EF6E4}.Release|Any CPU.ActiveCfg = Release|Any CPU
		{832C3277-1BDA-4609-8200-2D209D2EF6E4}.Release|Any CPU.Build.0 = Release|Any CPU
	EndGlobalSection
	GlobalSection(SolutionProperties) = preSolution
		HideSolutionNode = FALSE
	EndGlobalSection
	GlobalSection(ExtensibilityGlobals) = postSolution
		SolutionGuid = {BBE42C55-781C-4764-8FAC-A174BDE5881C}
	EndGlobalSection
EndGlobal
